
Microsoft Visual Studio Solution File, Format Version 12.00
# Visual Studio 15
VisualStudioVersion = 15.0.28010.2050
MinimumVisualStudioVersion = 10.0.40219.1
Project("{FAE04EC0-301F-11D3-BF4B-00C04F79EFBC}") = "App.Entities", "Entities\App.Entities.csproj", "{2ED3EBA5-B11C-453E-A918-2D1649A5634A}"
EndProject
Project("{FAE04EC0-301F-11D3-BF4B-00C04F79EFBC}") = "App.Web", "App.Web\App.Web.csproj", "{CDC3BB01-79D2-4B85-8FD6-66FFFC592139}"
EndProject
Project("{FAE04EC0-301F-11D3-BF4B-00C04F79EFBC}") = "App.DAL", "DAL\App.DAL.csproj", "{ED5037C2-5AF4-4975-84A0-E08AEB7AA29A}"
EndProject
Project("{FAE04EC0-301F-11D3-BF4B-00C04F79EFBC}") = "App.BLL", "App.BLL\App.BLL.csproj", "{01ED7EA8-F37C-4719-AA45-6226DE718330}"
EndProject
Project("{FAE04EC0-301F-11D3-BF4B-00C04F79EFBC}") = "App.Web.Demo", "App.Web.Demo\App.Web.Demo.csproj", "{AD99E720-51E4-4FEC-970B-BAF04909C02E}"
EndProject
Project("{FAE04EC0-301F-11D3-BF4B-00C04F79EFBC}") = "App.DAL.Context", "App.DAL.Demo\App.DAL.Context.csproj", "{FF829675-10FE-433E-A315-E99E7B0009FA}"
EndProject
Global
	GlobalSection(SolutionConfigurationPlatforms) = preSolution
		Debug|Any CPU = Debug|Any CPU
		Release|Any CPU = Release|Any CPU
	EndGlobalSection
	GlobalSection(ProjectConfigurationPlatforms) = postSolution
		{2ED3EBA5-B11C-453E-A918-2D1649A5634A}.Debug|Any CPU.ActiveCfg = Debug|Any CPU
		{2ED3EBA5-B11C-453E-A918-2D1649A5634A}.Debug|Any CPU.Build.0 = Debug|Any CPU
		{2ED3EBA5-B11C-453E-A918-2D1649A5634A}.Release|Any CPU.ActiveCfg = Release|Any CPU
		{2ED3EBA5-B11C-453E-A918-2D1649A5634A}.Release|Any CPU.Build.0 = Release|Any CPU
		{CDC3BB01-79D2-4B85-8FD6-66FFFC592139}.Debug|Any CPU.ActiveCfg = Debug|Any CPU
		{CDC3BB01-79D2-4B85-8FD6-66FFFC592139}.Debug|Any CPU.Build.0 = Debug|Any CPU
		{CDC3BB01-79D2-4B85-8FD6-66FFFC592139}.Release|Any CPU.ActiveCfg = Release|Any CPU
		{CDC3BB01-79D2-4B85-8FD6-66FFFC592139}.Release|Any CPU.Build.0 = Release|Any CPU
		{ED5037C2-5AF4-4975-84A0-E08AEB7AA29A}.Debug|Any CPU.ActiveCfg = Debug|Any CPU
		{ED5037C2-5AF4-4975-84A0-E08AEB7AA29A}.Debug|Any CPU.Build.0 = Debug|Any CPU
		{ED5037C2-5AF4-4975-84A0-E08AEB7AA29A}.Release|Any CPU.ActiveCfg = Release|Any CPU
		{ED5037C2-5AF4-4975-84A0-E08AEB7AA29A}.Release|Any CPU.Build.0 = Release|Any CPU
		{01ED7EA8-F37C-4719-AA45-6226DE718330}.Debug|Any CPU.ActiveCfg = Debug|Any CPU
		{01ED7EA8-F37C-4719-AA45-6226DE718330}.Debug|Any CPU.Build.0 = Debug|Any CPU
		{01ED7EA8-F37C-4719-AA45-6226DE718330}.Release|Any CPU.ActiveCfg = Release|Any CPU
		{01ED7EA8-F37C-4719-AA45-6226DE718330}.Release|Any CPU.Build.0 = Release|Any CPU
		{AD99E720-51E4-4FEC-970B-BAF04909C02E}.Debug|Any CPU.ActiveCfg = Debug|Any CPU
		{AD99E720-51E4-4FEC-970B-BAF04909C02E}.Debug|Any CPU.Build.0 = Debug|Any CPU
		{AD99E720-51E4-4FEC-970B-BAF04909C02E}.Release|Any CPU.ActiveCfg = Release|Any CPU
		{AD99E720-51E4-4FEC-970B-BAF04909C02E}.Release|Any CPU.Build.0 = Release|Any CPU
		{FF829675-10FE-433E-A315-E99E7B0009FA}.Debug|Any CPU.ActiveCfg = Debug|Any CPU
		{FF829675-10FE-433E-A315-E99E7B0009FA}.Debug|Any CPU.Build.0 = Debug|Any CPU
		{FF829675-10FE-433E-A315-E99E7B0009FA}.Release|Any CPU.ActiveCfg = Release|Any CPU
		{FF829675-10FE-433E-A315-E99E7B0009FA}.Release|Any CPU.Build.0 = Release|Any CPU
	EndGlobalSection
	GlobalSection(SolutionProperties) = preSolution
		HideSolutionNode = FALSE
	EndGlobalSection
	GlobalSection(ExtensibilityGlobals) = postSolution
		SolutionGuid = {A2B731D3-57A8-4921-A7D9-ED9E6104A7A3}
	EndGlobalSection
EndGlobal
